{
  "name": "assemblyscript",
  "lockfileVersion": 2,
  "requires": true,
  "packages": {
    "": {
      "dependencies": {
        "@solo-io/proxy-runtime": ">=0.1.12",
        "assemblyscript": "^0.14.9"
      },
      "devDependencies": {
        "assemblyscript": "^0.14.9"
      }
    },
    "node_modules/@solo-io/proxy-runtime": {
      "version": "0.1.12",
      "resolved": "https://registry.npmmirror.com/@solo-io/proxy-runtime/download/@solo-io/proxy-runtime-0.1.12.tgz",
      "integrity": "sha1-TnH4yJJ2JMSGyl5SrHCxKPgnoOE="
    },
    "node_modules/assemblyscript": {
      "version": "0.14.13",
      "resolved": "https://registry.npmmirror.com/assemblyscript/download/assemblyscript-0.14.13.tgz?cache=0&sync_timestamp=1632964240348&other_urls=https%3A%2F%2Fregistry.npmmirror.com%2Fassemblyscript%2Fdownload%2Fassemblyscript-0.14.13.tgz",
      "integrity": "sha1-kbXF3WAR0nngZT95hG5YFhs/Vgc=",
      "dev": true,
      "dependencies": {
        "binaryen": "97.0.0-nightly.20200929",
        "long": "^4.0.0"
      },
      "bin": {
        "asc": "bin/asc",
        "asinit": "bin/asinit"
      }
    },
    "node_modules/binaryen": {
      "version": "97.0.0-nightly.20200929",
      "resolved": "https://registry.npmmirror.com/binaryen/download/binaryen-97.0.0-nightly.20200929.tgz",
      "integrity": "sha1-zuDPL4r0+tmQ1Wyj9X7DRQLz6XQ=",
      "dev": true,
      "bin": {
        "wasm-opt": "bin/wasm-opt"
      }
    },
    "node_modules/long": {
      "version": "4.0.0",
      "resolved": "https://registry.npm.taobao.org/long/download/long-4.0.0.tgz",
      "integrity": "sha1-mntxz7fTYaGU6lVSQckvdGjVvyg=",
      "dev": true
    }
  },
  "dependencies": {
    "@solo-io/proxy-runtime": {
      "version": "0.1.12",
      "resolved": "https://registry.npmmirror.com/@solo-io/proxy-runtime/download/@solo-io/proxy-runtime-0.1.12.tgz",
      "integrity": "sha1-TnH4yJJ2JMSGyl5SrHCxKPgnoOE="
    },
    "assemblyscript": {
      "version": "0.14.13",
      "resolved": "https://registry.npmmirror.com/assemblyscript/download/assemblyscript-0.14.13.tgz?cache=0&sync_timestamp=1632964240348&other_urls=https%3A%2F%2Fregistry.npmmirror.com%2Fassemblyscript%2Fdownload%2Fassemblyscript-0.14.13.tgz",
      "integrity": "sha1-kbXF3WAR0nngZT95hG5YFhs/Vgc=",
      "dev": true,
      "requires": {
        "binaryen": "97.0.0-nightly.20200929",
        "long": "^4.0.0"
      }
    },
    "binaryen": {
      "version": "97.0.0-nightly.20200929",
      "resolved": "https://registry.npmmirror.com/binaryen/download/binaryen-97.0.0-nightly.20200929.tgz",
      "integrity": "sha1-zuDPL4r0+tmQ1Wyj9X7DRQLz6XQ=",
      "dev": true
    },
    "long": {
      "version": "4.0.0",
      "resolved": "https://registry.npm.taobao.org/long/download/long-4.0.0.tgz",
      "integrity": "sha1-mntxz7fTYaGU6lVSQckvdGjVvyg=",
      "dev": true
    }
  }
}
